{
  "name": "stack",
  "version": "1.0.0",
  "lockfileVersion": 3,
  "requires": true,
  "packages": {
    "": {
      "name": "stack",
      "version": "1.0.0",
      "license": "MIT",
      "dependencies": {
        "@xerilium/catalyst": "^0.1.3"
      }
    },
    "node_modules/@xerilium/catalyst": {
      "version": "0.1.3",
      "resolved": "https://registry.npmjs.org/@xerilium/catalyst/-/catalyst-0.1.3.tgz",
      "integrity": "sha512-L89dOS9LgoimlOpY8vY3x4IrlYT4CgcUid/+fTyNulyYHiEIZwHz2jhKKQnEdyDmNPVB3XReEIJIGZNeJzAOjg==",
      "hasInstallScript": true,
      "license": "Apache-2.0"
    }
  }
}
